
Microsoft Visual Studio Solution File, Format Version 12.00
# Visual Studio Version 16
VisualStudioVersion = 16.0.29102.190
MinimumVisualStudioVersion = 10.0.40219.1
Project("{9A19103F-16F7-4668-BE54-9A1E7A4F7556}") = "ImageProcessor", "ImageProcessor\ImageProcessor.csproj", "{F27FD1F7-43A3-44E0-8F99-D9CD49EA4022}"
EndProject
Project("{9A19103F-16F7-4668-BE54-9A1E7A4F7556}") = "ImageProcessor.Tests", "ImageProcessor.Tests\ImageProcessor.Tests.csproj", "{98BAA1E4-33D7-4E41-9480-8958E08C1BB3}"
EndProject
Project("{9A19103F-16F7-4668-BE54-9A1E7A4F7556}") = "ImageProcessor.Website", "ImageProcessor.Website\ImageProcessor.Website.csproj", "{6990D2BC-1EC7-467A-866B-A84EDD53BC90}"
EndProject
Global
	GlobalSection(SolutionConfigurationPlatforms) = preSolution
		Debug|Any CPU = Debug|Any CPU
		Release|Any CPU = Release|Any CPU
	EndGlobalSection
	GlobalSection(ProjectConfigurationPlatforms) = postSolution
		{F27FD1F7-43A3-44E0-8F99-D9CD49EA4022}.Debug|Any CPU.ActiveCfg = Debug|Any CPU
		{F27FD1F7-43A3-44E0-8F99-D9CD49EA4022}.Debug|Any CPU.Build.0 = Debug|Any CPU
		{F27FD1F7-43A3-44E0-8F99-D9CD49EA4022}.Release|Any CPU.ActiveCfg = Release|Any CPU
		{F27FD1F7-43A3-44E0-8F99-D9CD49EA4022}.Release|Any CPU.Build.0 = Release|Any CPU
		{98BAA1E4-33D7-4E41-9480-8958E08C1BB3}.Debug|Any CPU.ActiveCfg = Debug|Any CPU
		{98BAA1E4-33D7-4E41-9480-8958E08C1BB3}.Debug|Any CPU.Build.0 = Debug|Any CPU
		{98BAA1E4-33D7-4E41-9480-8958E08C1BB3}.Release|Any CPU.ActiveCfg = Release|Any CPU
		{98BAA1E4-33D7-4E41-9480-8958E08C1BB3}.Release|Any CPU.Build.0 = Release|Any CPU
		{6990D2BC-1EC7-467A-866B-A84EDD53BC90}.Debug|Any CPU.ActiveCfg = Debug|Any CPU
		{6990D2BC-1EC7-467A-866B-A84EDD53BC90}.Debug|Any CPU.Build.0 = Debug|Any CPU
		{6990D2BC-1EC7-467A-866B-A84EDD53BC90}.Release|Any CPU.ActiveCfg = Release|Any CPU
		{6990D2BC-1EC7-467A-866B-A84EDD53BC90}.Release|Any CPU.Build.0 = Release|Any CPU
	EndGlobalSection
	GlobalSection(SolutionProperties) = preSolution
		HideSolutionNode = FALSE
	EndGlobalSection
	GlobalSection(ExtensibilityGlobals) = postSolution
		SolutionGuid = {C21B648A-91A4-47A7-B76A-577D98F77BCF}
	EndGlobalSection
EndGlobal
